<?xml version="1.0" encoding="utf-8"?>
<Project ToolsVersion="4.0" xmlns="http://schemas.microsoft.com/developer/msbuild/2003">
  <ItemGroup>
    <Filter Include="소스 파일">
      <UniqueIdentifier>{4FC737F1-C7A5-4376-A066-2A32D752A2FF}</UniqueIdentifier>
      <Extensions>cpp;c;cc;cxx;c++;cppm;ixx;def;odl;idl;hpj;bat;asm;asmx</Extensions>
    </Filter>
    <Filter Include="리소스">
      <UniqueIdentifier>{67DA6AB6-F800-4c08-8B7A-83BB121AAD01}</UniqueIdentifier>
      <Extensions>rc;ico;cur;bmp;dlg;rc2;rct;bin;rgs;gif;jpg;jpeg;jpe;resx;tiff;tif;png;wav;mfcribbon-ms</Extensions>
    </Filter>
    <Filter Include="소스 파일\Core">
      <UniqueIdentifier>{5f888559-a26c-40d1-acc7-fc54b71ca3db}</UniqueIdentifier>
    </Filter>
    <Filter Include="소스 파일\Ui">
      <UniqueIdentifier>{e72f4337-fbfe-4f31-88b6-e2f60a95b935}</UniqueIdentifier>
    </Filter>
    <Filter Include="소스 파일\Novel">
      <UniqueIdentifier>{a27009cd-0d41-44fe-82bb-6493f70a7ec4}</UniqueIdentifier>
    </Filter>
  </ItemGroup>
  <ItemGroup>
    <ClCompile Include="Src\Main.cpp">
      <Filter>소스 파일</Filter>
    </ClCompile>
    <ClCompile Include="Src\Ui\Application.cpp">
      <Filter>소스 파일\Ui</Filter>
    </ClCompile>
    <ClCompile Include="Src\Core\String.cpp">
      <Filter>소스 파일\Core</Filter>
    </ClCompile>
    <ClCompile Include="Src\Ui\WidgetBase.cpp">
      <Filter>소스 파일\Ui</Filter>
    </ClCompile>
    <ClCompile Include="Src\Novel\DialogueBox.cpp">
      <Filter>소스 파일\Novel</Filter>
    </ClCompile>
    <ClCompile Include="Src\Novel\NovelScene.cpp">
      <Filter>소스 파일\Novel</Filter>
    </ClCompile>
    <ClCompile Include="Src\Novel\Background.cpp">
      <Filter>소스 파일\Novel</Filter>
    </ClCompile>
    <ClCompile Include="Src\Novel\CharacterManager.cpp">
      <Filter>소스 파일\Novel</Filter>
    </ClCompile>
    <ClCompile Include="Src\Novel\ScriptEngine.cpp">
      <Filter>소스 파일\Novel</Filter>
    </ClCompile>
    <ClCompile Include="Src\Novel\ChoiceWidget.cpp">
      <Filter>소스 파일\Novel</Filter>
    </ClCompile>
    <ClCompile Include="Src\Novel\ScriptLine.cpp">
      <Filter>소스 파일\Novel</Filter>
    </ClCompile>
    <ClCompile Include="Src\Ui\BoxWidget.cpp">
      <Filter>소스 파일\Ui</Filter>
    </ClCompile>
    <ClCompile Include="Src\Ui\TextLabel.cpp">
      <Filter>소스 파일\Ui</Filter>
    </ClCompile>
    <ClCompile Include="Src\Ui\Button.cpp">
      <Filter>소스 파일\Ui</Filter>
    </ClCompile>
    <ClCompile Include="Src\Novel\SaveLoadWindow.cpp">
      <Filter>소스 파일\Novel</Filter>
    </ClCompile>
    <ClCompile Include="Src\Novel\TitleWindow.cpp">
      <Filter>소스 파일\Novel</Filter>
    </ClCompile>
    <ClCompile Include="Src\Core\AssetManager.cpp">
      <Filter>소스 파일\Core</Filter>
    </ClCompile>
  </ItemGroup>
  <ItemGroup>
    <ClInclude Include="Src\Core\Common.h">
      <Filter>소스 파일\Core</Filter>
    </ClInclude>
    <ClInclude Include="Src\Core\Vector.h">
      <Filter>소스 파일\Core</Filter>
    </ClInclude>
    <ClInclude Include="Src\Ui\Application.h">
      <Filter>소스 파일\Ui</Filter>
    </ClInclude>
    <ClInclude Include="Src\Core\String.h">
      <Filter>소스 파일\Core</Filter>
    </ClInclude>
    <ClInclude Include="Src\Novel\DialogueLine.h">
      <Filter>소스 파일\Novel</Filter>
    </ClInclude>
    <ClInclude Include="Src\Ui\WidgetBase.h">
      <Filter>소스 파일\Ui</Filter>
    </ClInclude>
    <ClInclude Include="Src\Novel\DialogueBox.h">
      <Filter>소스 파일\Novel</Filter>
    </ClInclude>
    <ClInclude Include="Src\Novel\NovelScene.h">
      <Filter>소스 파일\Novel</Filter>
    </ClInclude>
    <ClInclude Include="Src\Novel\Background.h">
      <Filter>소스 파일\Novel</Filter>
    </ClInclude>
    <ClInclude Include="Src\Novel\CharacterManager.h">
      <Filter>소스 파일\Novel</Filter>
    </ClInclude>
    <ClInclude Include="Src\Novel\ScriptEngine.h">
      <Filter>소스 파일\Novel</Filter>
    </ClInclude>
    <ClInclude Include="Src\Novel\ChoiceWidget.h">
      <Filter>소스 파일\Novel</Filter>
    </ClInclude>
    <ClInclude Include="Src\Novel\ScriptLine.h">
      <Filter>소스 파일\Novel</Filter>
    </ClInclude>
    <ClInclude Include="Src\Ui\BoxWidget.h">
      <Filter>소스 파일\Ui</Filter>
    </ClInclude>
    <ClInclude Include="Src\Ui\TextLabel.h">
      <Filter>소스 파일\Ui</Filter>
    </ClInclude>
    <ClInclude Include="Src\Ui\Button.h">
      <Filter>소스 파일\Ui</Filter>
    </ClInclude>
    <ClInclude Include="Src\Novel\SaveLoadWindow.h">
      <Filter>소스 파일\Novel</Filter>
    </ClInclude>
    <ClInclude Include="Src\Novel\TitleWindow.h">
      <Filter>소스 파일\Novel</Filter>
    </ClInclude>
    <ClInclude Include="Src\Core\AssetManager.h">
      <Filter>소스 파일\Core</Filter>
    </ClInclude>
  </ItemGroup>
</Project>